// !$*UTF8*$!
{
	archiveVersion = 1;
	classes = {
	};
	objectVersion = 46;
	objects = {

/* Begin PBXBuildFile section */
		AFB116801C2738E000C56FB4 /* UIImageViewDraggable.swift in Sources */ = {isa = PBXBuildFile; fileRef = AFB1167F1C2738E000C56FB4 /* UIImageViewDraggable.swift */; };
		AFB116821C29B91900C56FB4 /* MonsterImage.swift in Sources */ = {isa = PBXBuildFile; fileRef = AFB116811C29B91900C56FB4 /* MonsterImage.swift */; };
		AFB116881C29EC3F00C56FB4 /* cave-music.mp3 in Resources */ = {isa = PBXBuildFile; fileRef = AFB116831C29EC3F00C56FB4 /* cave-music.mp3 */; };
		AFB116891C29EC3F00C56FB4 /* bite.wav in Resources */ = {isa = PBXBuildFile; fileRef = AFB116841C29EC3F00C56FB4 /* bite.wav */; };
		AFB1168A1C29EC3F00C56FB4 /* death.wav in Resources */ = {isa = PBXBuildFile; fileRef = AFB116851C29EC3F00C56FB4 /* death.wav */; };
		AFB1168B1C29EC3F00C56FB4 /* heart.wav in Resources */ = {isa = PBXBuildFile; fileRef = AFB116861C29EC3F00C56FB4 /* heart.wav */; };
		AFB1168C1C29EC3F00C56FB4 /* skull.wav in Resources */ = {isa = PBXBuildFile; fileRef = AFB116871C29EC3F00C56FB4 /* skull.wav */; };
		AFDDB8091C0CE73D002BC08D /* AppDelegate.swift in Sources */ = {isa = PBXBuildFile; fileRef = AFDDB8081C0CE73D002BC08D /* AppDelegate.swift */; };
		AFDDB80B1C0CE73D002BC08D /* ViewController.swift in Sources */ = {isa = PBXBuildFile; fileRef = AFDDB80A1C0CE73D002BC08D /* ViewController.swift */; };
		AFDDB80E1C0CE73D002BC08D /* Main.storyboard in Resources */ = {isa = PBXBuildFile; fileRef = AFDDB80C1C0CE73D002BC08D /* Main.storyboard */; };
		AFDDB8101C0CE73D002BC08D /* Assets.xcassets in Resources */ = {isa = PBXBuildFile; fileRef = AFDDB80F1C0CE73D002BC08D /* Assets.xcassets */; };
		AFDDB8131C0CE73D002BC08D /* LaunchScreen.storyboard in Resources */ = {isa = PBXBuildFile; fileRef = AFDDB8111C0CE73D002BC08D /* LaunchScreen.storyboard */; };
		AFDDB81E1C0CE73D002BC08D /* lecture50_my_little_monsterTests.swift in Sources */ = {isa = PBXBuildFile; fileRef = AFDDB81D1C0CE73D002BC08D /* lecture50_my_little_monsterTests.swift */; };
		AFDDB8291C0CE73D002BC08D /* lecture50_my_little_monsterUITests.swift in Sources */ = {isa = PBXBuildFile; fileRef = AFDDB8281C0CE73D002BC08D /* lecture50_my_little_monsterUITests.swift */; };
/* End PBXBuildFile section */

/* Begin PBXContainerItemProxy section */
		AFDDB81A1C0CE73D002BC08D /* PBXContainerItemProxy */ = {
			isa = PBXContainerItemProxy;
			containerPortal = AFDDB7FD1C0CE73D002BC08D /* Project object */;
			proxyType = 1;
			remoteGlobalIDString = AFDDB8041C0CE73D002BC08D;
			remoteInfo = "lecture50-my-little-monster";
		};
		AFDDB8251C0CE73D002BC08D /* PBXContainerItemProxy */ = {
			isa = PBXContainerItemProxy;
			containerPortal = AFDDB7FD1C0CE73D002BC08D /* Project object */;
			proxyType = 1;
			remoteGlobalIDString = AFDDB8041C0CE73D002BC08D;
			remoteInfo = "lecture50-my-little-monster";
		};
/* End PBXContainerItemProxy section */

/* Begin PBXFileReference section */
		AFB1167F1C2738E000C56FB4 /* UIImageViewDraggable.swift */ = {isa = PBXFileReference; fileEncoding = 4; lastKnownFileType = sourcecode.swift; path = UIImageViewDraggable.swift; sourceTree = "<group>"; };
		AFB116811C29B91900C56FB4 /* MonsterImage.swift */ = {isa = PBXFileReference; fileEncoding = 4; lastKnownFileType = sourcecode.swift; path = MonsterImage.swift; sourceTree = "<group>"; };
		AFB116831C29EC3F00C56FB4 /* cave-music.mp3 */ = {isa = PBXFileReference; lastKnownFileType = audio.mp3; path = "cave-music.mp3"; sourceTree = "<group>"; };
		AFB116841C29EC3F00C56FB4 /* bite.wav */ = {isa = PBXFileReference; lastKnownFileType = audio.wav; path = bite.wav; sourceTree = "<group>"; };
		AFB116851C29EC3F00C56FB4 /* death.wav */ = {isa = PBXFileReference; lastKnownFileType = audio.wav; path = death.wav; sourceTree = "<group>"; };
		AFB116861C29EC3F00C56FB4 /* heart.wav */ = {isa = PBXFileReference; lastKnownFileType = audio.wav; path = heart.wav; sourceTree = "<group>"; };
		AFB116871C29EC3F00C56FB4 /* skull.wav */ = {isa = PBXFileReference; lastKnownFileType = audio.wav; path = skull.wav; sourceTree = "<group>"; };
		AFDDB8051C0CE73D002BC08D /* lecture50-my-little-monster.app */ = {isa = PBXFileReference; explicitFileType = wrapper.application; includeInIndex = 0; path = "lecture50-my-little-monster.app"; sourceTree = BUILT_PRODUCTS_DIR; };
		AFDDB8081C0CE73D002BC08D /* AppDelegate.swift */ = {isa = PBXFileReference; lastKnownFileType = sourcecode.swift; path = AppDelegate.swift; sourceTree = "<group>"; };
		AFDDB80A1C0CE73D002BC08D /* ViewController.swift */ = {isa = PBXFileReference; lastKnownFileType = sourcecode.swift; path = ViewController.swift; sourceTree = "<group>"; };
		AFDDB80D1C0CE73D002BC08D /* Base */ = {isa = PBXFileReference; lastKnownFileType = file.storyboard; name = Base; path = Base.lproj/Main.storyboard; sourceTree = "<group>"; };
		AFDDB80F1C0CE73D002BC08D /* Assets.xcassets */ = {isa = PBXFileReference; lastKnownFileType = folder.assetcatalog; path = Assets.xcassets; sourceTree = "<group>"; };
		AFDDB8121C0CE73D002BC08D /* Base */ = {isa = PBXFileReference; lastKnownFileType = file.storyboard; name = Base; path = Base.lproj/LaunchScreen.storyboard; sourceTree = "<group>"; };
		AFDDB8141C0CE73D002BC08D /* Info.plist */ = {isa = PBXFileReference; lastKnownFileType = text.plist.xml; path = Info.plist; sourceTree = "<group>"; };
		AFDDB8191C0CE73D002BC08D /* lecture50-my-little-monsterTests.xctest */ = {isa = PBXFileReference; explicitFileType = wrapper.cfbundle; includeInIndex = 0; path = "lecture50-my-little-monsterTests.xctest"; sourceTree = BUILT_PRODUCTS_DIR; };
		AFDDB81D1C0CE73D002BC08D /* lecture50_my_little_monsterTests.swift */ = {isa = PBXFileReference; lastKnownFileType = sourcecode.swift; path = lecture50_my_little_monsterTests.swift; sourceTree = "<group>"; };
		AFDDB81F1C0CE73D002BC08D /* Info.plist */ = {isa = PBXFileReference; lastKnownFileType = text.plist.xml; path = Info.plist; sourceTree = "<group>"; };
		AFDDB8241C0CE73D002BC08D /* lecture50-my-little-monsterUITests.xctest */ = {isa = PBXFileReference; explicitFileType = wrapper.cfbundle; includeInIndex = 0; path = "lecture50-my-little-monsterUITests.xctest"; sourceTree = BUILT_PRODUCTS_DIR; };
		AFDDB8281C0CE73D002BC08D /* lecture50_my_little_monsterUITests.swift */ = {isa = PBXFileReference; lastKnownFileType = sourcecode.swift; path = lecture50_my_little_monsterUITests.swift; sourceTree = "<group>"; };
		AFDDB82A1C0CE73D002BC08D /* Info.plist */ = {isa = PBXFileReference; lastKnownFileType = text.plist.xml; path = Info.plist; sourceTree = "<group>"; };
/* End PBXFileReference section */

/* Begin PBXFrameworksBuildPhase section */
		AFDDB8021C0CE73D002BC08D /* Frameworks */ = {
			isa = PBXFrameworksBuildPhase;
			buildActionMask = 2147483647;
			files = (
			);
			runOnlyForDeploymentPostprocessing = 0;
		};
		AFDDB8161C0CE73D002BC08D /* Frameworks */ = {
			isa = PBXFrameworksBuildPhase;
			buildActionMask = 2147483647;
			files = (
			);
			runOnlyForDeploymentPostprocessing = 0;
		};
		AFDDB8211C0CE73D002BC08D /* Frameworks */ = {
			isa = PBXFrameworksBuildPhase;
			buildActionMask = 2147483647;
			files = (
			);
			runOnlyForDeploymentPostprocessing = 0;
		};
/* End PBXFrameworksBuildPhase section */

/* Begin PBXGroup section */
		AFDDB7FC1C0CE73D002BC08D = {
			isa = PBXGroup;
			children = (
				AFDDB8071C0CE73D002BC08D /* lecture50-my-little-monster */,
				AFDDB81C1C0CE73D002BC08D /* lecture50-my-little-monsterTests */,
				AFDDB8271C0CE73D002BC08D /* lecture50-my-little-monsterUITests */,
				AFDDB8061C0CE73D002BC08D /* Products */,
			);
			sourceTree = "<group>";
		};
		AFDDB8061C0CE73D002BC08D /* Products */ = {
			isa = PBXGroup;
			children = (
				AFDDB8051C0CE73D002BC08D /* lecture50-my-little-monster.app */,
				AFDDB8191C0CE73D002BC08D /* lecture50-my-little-monsterTests.xctest */,
				AFDDB8241C0CE73D002BC08D /* lecture50-my-little-monsterUITests.xctest */,
			);
			name = Products;
			sourceTree = "<group>";
		};
		AFDDB8071C0CE73D002BC08D /* lecture50-my-little-monster */ = {
			isa = PBXGroup;
			children = (
				AFDDB8081C0CE73D002BC08D /* AppDelegate.swift */,
				AFDDB80A1C0CE73D002BC08D /* ViewController.swift */,
				AFB116811C29B91900C56FB4 /* MonsterImage.swift */,
				AFDDB80C1C0CE73D002BC08D /* Main.storyboard */,
				AFB1167F1C2738E000C56FB4 /* UIImageViewDraggable.swift */,
				AFDDB80F1C0CE73D002BC08D /* Assets.xcassets */,
				AFDDB8111C0CE73D002BC08D /* LaunchScreen.storyboard */,
				AFB116831C29EC3F00C56FB4 /* cave-music.mp3 */,
				AFB116841C29EC3F00C56FB4 /* bite.wav */,
				AFB116851C29EC3F00C56FB4 /* death.wav */,
				AFB116861C29EC3F00C56FB4 /* heart.wav */,
				AFB116871C29EC3F00C56FB4 /* skull.wav */,
				AFDDB8141C0CE73D002BC08D /* Info.plist */,
			);
			path = "lecture50-my-little-monster";
			sourceTree = "<group>";
		};
		AFDDB81C1C0CE73D002BC08D /* lecture50-my-little-monsterTests */ = {
			isa = PBXGroup;
			children = (
				AFDDB81D1C0CE73D002BC08D /* lecture50_my_little_monsterTests.swift */,
				AFDDB81F1C0CE73D002BC08D /* Info.plist */,
			);
			path = "lecture50-my-little-monsterTests";
			sourceTree = "<group>";
		};
		AFDDB8271C0CE73D002BC08D /* lecture50-my-little-monsterUITests */ = {
			isa = PBXGroup;
			children = (
				AFDDB8281C0CE73D002BC08D /* lecture50_my_little_monsterUITests.swift */,
				AFDDB82A1C0CE73D002BC08D /* Info.plist */,
			);
			path = "lecture50-my-little-monsterUITests";
			sourceTree = "<group>";
		};
/* End PBXGroup section */

/* Begin PBXNativeTarget section */
		AFDDB8041C0CE73D002BC08D /* lecture50-my-little-monster */ = {
			isa = PBXNativeTarget;
			buildConfigurationList = AFDDB82D1C0CE73D002BC08D /* Build configuration list for PBXNativeTarget "lecture50-my-little-monster" */;
			buildPhases = (
				AFDDB8011C0CE73D002BC08D /* Sources */,
				AFDDB8021C0CE73D002BC08D /* Frameworks */,
				AFDDB8031C0CE73D002BC08D /* Resources */,
			);
			buildRules = (
			);
			dependencies = (
			);
			name = "lecture50-my-little-monster";
			productName = "lecture50-my-little-monster";
			productReference = AFDDB8051C0CE73D002BC08D /* lecture50-my-little-monster.app */;
			productType = "com.apple.product-type.application";
		};
		AFDDB8181C0CE73D002BC08D /* lecture50-my-little-monsterTests */ = {
			isa = PBXNativeTarget;
			buildConfigurationList = AFDDB8301C0CE73D002BC08D /* Build configuration list for PBXNativeTarget "lecture50-my-little-monsterTests" */;
			buildPhases = (
				AFDDB8151C0CE73D002BC08D /* Sources */,
				AFDDB8161C0CE73D002BC08D /* Frameworks */,
				AFDDB8171C0CE73D002BC08D /* Resources */,
			);
			buildRules = (
			);
			dependencies = (
				AFDDB81B1C0CE73D002BC08D /* PBXTargetDependency */,
			);
			name = "lecture50-my-little-monsterTests";
			productName = "lecture50-my-little-monsterTests";
			productReference = AFDDB8191C0CE73D002BC08D /* lecture50-my-little-monsterTests.xctest */;
			productType = "com.apple.product-type.bundle.unit-test";
		};
		AFDDB8231C0CE73D002BC08D /* lecture50-my-little-monsterUITests */ = {
			isa = PBXNativeTarget;
			buildConfigurationList = AFDDB8331C0CE73D002BC08D /* Build configuration list for PBXNativeTarget "lecture50-my-little-monsterUITests" */;
			buildPhases = (
				AFDDB8201C0CE73D002BC08D /* Sources */,
				AFDDB8211C0CE73D002BC08D /* Frameworks */,
				AFDDB8221C0CE73D002BC08D /* Resources */,
			);
			buildRules = (
			);
			dependencies = (
				AFDDB8261C0CE73D002BC08D /* PBXTargetDependency */,
			);
			name = "lecture50-my-little-monsterUITests";
			productName = "lecture50-my-little-monsterUITests";
			productReference = AFDDB8241C0CE73D002BC08D /* lecture50-my-little-monsterUITests.xctest */;
			productType = "com.apple.product-type.bundle.ui-testing";
		};
/* End PBXNativeTarget section */

/* Begin PBXProject section */
		AFDDB7FD1C0CE73D002BC08D /* Project object */ = {
			isa = PBXProject;
			attributes = {
				LastSwiftUpdateCheck = 0710;
				LastUpgradeCheck = 0710;
				ORGANIZATIONNAME = "Ryan Huebert";
				TargetAttributes = {
					AFDDB8041C0CE73D002BC08D = {
						CreatedOnToolsVersion = 7.1.1;
					};
					AFDDB8181C0CE73D002BC08D = {
						CreatedOnToolsVersion = 7.1.1;
						TestTargetID = AFDDB8041C0CE73D002BC08D;
					};
					AFDDB8231C0CE73D002BC08D = {
						CreatedOnToolsVersion = 7.1.1;
						TestTargetID = AFDDB8041C0CE73D002BC08D;
					};
				};
			};
			buildConfigurationList = AFDDB8001C0CE73D002BC08D /* Build configuration list for PBXProject "lecture50-my-little-monster" */;
			compatibilityVersion = "Xcode 3.2";
			developmentRegion = English;
			hasScannedForEncodings = 0;
			knownRegions = (
				en,
				Base,
			);
			mainGroup = AFDDB7FC1C0CE73D002BC08D;
			productRefGroup = AFDDB8061C0CE73D002BC08D /* Products */;
			projectDirPath = "";
			projectRoot = "";
			targets = (
				AFDDB8041C0CE73D002BC08D /* lecture50-my-little-monster */,
				AFDDB8181C0CE73D002BC08D /* lecture50-my-little-monsterTests */,
				AFDDB8231C0CE73D002BC08D /* lecture50-my-little-monsterUITests */,
			);
		};
/* End PBXProject section */

/* Begin PBXResourcesBuildPhase section */
		AFDDB8031C0CE73D002BC08D /* Resources */ = {
			isa = PBXResourcesBuildPhase;
			buildActionMask = 2147483647;
			files = (
				AFB1168C1C29EC3F00C56FB4 /* skull.wav in Resources */,
				AFB116891C29EC3F00C56FB4 /* bite.wav in Resources */,
				AFB1168A1C29EC3F00C56FB4 /* death.wav in Resources */,
				AFB1168B1C29EC3F00C56FB4 /* heart.wav in Resources */,
				AFDDB8131C0CE73D002BC08D /* LaunchScreen.storyboard in Resources */,
				AFB116881C29EC3F00C56FB4 /* cave-music.mp3 in Resources */,
				AFDDB8101C0CE73D002BC08D /* Assets.xcassets in Resources */,
				AFDDB80E1C0CE73D002BC08D /* Main.storyboard in Resources */,
			);
			runOnlyForDeploymentPostprocessing = 0;
		};
		AFDDB8171C0CE73D002BC08D /* Resources */ = {
			isa = PBXResourcesBuildPhase;
			buildActionMask = 2147483647;
			files = (
			);
			runOnlyForDeploymentPostprocessing = 0;
		};
		AFDDB8221C0CE73D002BC08D /* Resources */ = {
			isa = PBXResourcesBuildPhase;
			buildActionMask = 2147483647;
			files = (
			);
			runOnlyForDeploymentPostprocessing = 0;
		};
/* End PBXResourcesBuildPhase section */

/* Begin PBXSourcesBuildPhase section */
		AFDDB8011C0CE73D002BC08D /* Sources */ = {
			isa = PBXSourcesBuildPhase;
			buildActionMask = 2147483647;
			files = (
				AFB116821C29B91900C56FB4 /* MonsterImage.swift in Sources */,
				AFB116801C2738E000C56FB4 /* UIImageViewDraggable.swift in Sources */,
				AFDDB80B1C0CE73D002BC08D /* ViewController.swift in Sources */,
				AFDDB8091C0CE73D002BC08D /* AppDelegate.swift in Sources */,
			);
			runOnlyForDeploymentPostprocessing = 0;
		};
		AFDDB8151C0CE73D002BC08D /* Sources */ = {
			isa = PBXSourcesBuildPhase;
			buildActionMask = 2147483647;
			files = (
				AFDDB81E1C0CE73D002BC08D /* lecture50_my_little_monsterTests.swift in Sources */,
			);
			runOnlyForDeploymentPostprocessing = 0;
		};
		AFDDB8201C0CE73D002BC08D /* Sources */ = {
			isa = PBXSourcesBuildPhase;
			buildActionMask = 2147483647;
			files = (
				AFDDB8291C0CE73D002BC08D /* lecture50_my_little_monsterUITests.swift in Sources */,
			);
			runOnlyForDeploymentPostprocessing = 0;
		};
/* End PBXSourcesBuildPhase section */

/* Begin PBXTargetDependency section */
		AFDDB81B1C0CE73D002BC08D /* PBXTargetDependency */ = {
			isa = PBXTargetDependency;
			target = AFDDB8041C0CE73D002BC08D /* lecture50-my-little-monster */;
			targetProxy = AFDDB81A1C0CE73D002BC08D /* PBXContainerItemProxy */;
		};
		AFDDB8261C0CE73D002BC08D /* PBXTargetDependency */ = {
			isa = PBXTargetDependency;
			target = AFDDB8041C0CE73D002BC08D /* lecture50-my-little-monster */;
			targetProxy = AFDDB8251C0CE73D002BC08D /* PBXContainerItemProxy */;
		};
/* End PBXTargetDependency section */

/* Begin PBXVariantGroup section */
		AFDDB80C1C0CE73D002BC08D /* Main.storyboard */ = {
			isa = PBXVariantGroup;
			children = (
				AFDDB80D1C0CE73D002BC08D /* Base */,
			);
			name = Main.storyboard;
			sourceTree = "<group>";
		};
		AFDDB8111C0CE73D002BC08D /* LaunchScreen.storyboard */ = {
			isa = PBXVariantGroup;
			children = (
				AFDDB8121C0CE73D002BC08D /* Base */,
			);
			name = LaunchScreen.storyboard;
			sourceTree = "<group>";
		};
/* End PBXVariantGroup section */

/* Begin XCBuildConfiguration section */
		AFDDB82B1C0CE73D002BC08D /* Debug */ = {
			isa = XCBuildConfiguration;
			buildSettings = {
				ALWAYS_SEARCH_USER_PATHS = NO;
				CLANG_CXX_LANGUAGE_STANDARD = "gnu++0x";
				CLANG_CXX_LIBRARY = "libc++";
				CLANG_ENABLE_MODULES = YES;
				CLANG_ENABLE_OBJC_ARC = YES;
				CLANG_WARN_BOOL_CONVERSION = YES;
				CLANG_WARN_CONSTANT_CONVERSION = YES;
				CLANG_WARN_DIRECT_OBJC_ISA_USAGE = YES_ERROR;
				CLANG_WARN_EMPTY_BODY = YES;
				CLANG_WARN_ENUM_CONVERSION = YES;
				CLANG_WARN_INT_CONVERSION = YES;
				CLANG_WARN_OBJC_ROOT_CLASS = YES_ERROR;
				CLANG_WARN_UNREACHABLE_CODE = YES;
				CLANG_WARN__DUPLICATE_METHOD_MATCH = YES;
				"CODE_SIGN_IDENTITY[sdk=iphoneos*]" = "iPhone Developer";
				COPY_PHASE_STRIP = NO;
				DEBUG_INFORMATION_FORMAT = dwarf;
				ENABLE_STRICT_OBJC_MSGSEND = YES;
				ENABLE_TESTABILITY = YES;
				GCC_C_LANGUAGE_STANDARD = gnu99;
				GCC_DYNAMIC_NO_PIC = NO;
				GCC_NO_COMMON_BLOCKS = YES;
				GCC_OPTIMIZATION_LEVEL = 0;
				GCC_PREPROCESSOR_DEFINITIONS = (
					"DEBUG=1",
					"$(inherited)",
				);
				GCC_WARN_64_TO_32_BIT_CONVERSION = YES;
				GCC_WARN_ABOUT_RETURN_TYPE = YES_ERROR;
				GCC_WARN_UNDECLARED_SELECTOR = YES;
				GCC_WARN_UNINITIALIZED_AUTOS = YES_AGGRESSIVE;
				GCC_WARN_UNUSED_FUNCTION = YES;
				GCC_WARN_UNUSED_VARIABLE = YES;
				IPHONEOS_DEPLOYMENT_TARGET = 9.1;
				MTL_ENABLE_DEBUG_INFO = YES;
				ONLY_ACTIVE_ARCH = YES;
				SDKROOT = iphoneos;
				SWIFT_OPTIMIZATION_LEVEL = "-Onone";
				TARGETED_DEVICE_FAMILY = "1,2";
			};
			name = Debug;
		};
		AFDDB82C1C0CE73D002BC08D /* Release */ = {
			isa = XCBuildConfiguration;
			buildSettings = {
				ALWAYS_SEARCH_USER_PATHS = NO;
				CLANG_CXX_LANGUAGE_STANDARD = "gnu++0x";
				CLANG_CXX_LIBRARY = "libc++";
				CLANG_ENABLE_MODULES = YES;
				CLANG_ENABLE_OBJC_ARC = YES;
				CLANG_WARN_BOOL_CONVERSION = YES;
				CLANG_WARN_CONSTANT_CONVERSION = YES;
				CLANG_WARN_DIRECT_OBJC_ISA_USAGE = YES_ERROR;
				CLANG_WARN_EMPTY_BODY = YES;
				CLANG_WARN_ENUM_CONVERSION = YES;
				CLANG_WARN_INT_CONVERSION = YES;
				CLANG_WARN_OBJC_ROOT_CLASS = YES_ERROR;
				CLANG_WARN_UNREACHABLE_CODE = YES;
				CLANG_WARN__DUPLICATE_METHOD_MATCH = YES;
				"CODE_SIGN_IDENTITY[sdk=iphoneos*]" = "iPhone Developer";
				COPY_PHASE_STRIP = NO;
				DEBUG_INFORMATION_FORMAT = "dwarf-with-dsym";
				ENABLE_NS_ASSERTIONS = NO;
				ENABLE_STRICT_OBJC_MSGSEND = YES;
				GCC_C_LANGUAGE_STANDARD = gnu99;
				GCC_NO_COMMON_BLOCKS = YES;
				GCC_WARN_64_TO_32_BIT_CONVERSION = YES;
				GCC_WARN_ABOUT_RETURN_TYPE = YES_ERROR;
				GCC_WARN_UNDECLARED_SELECTOR = YES;
				GCC_WARN_UNINITIALIZED_AUTOS = YES_AGGRESSIVE;
				GCC_WARN_UNUSED_FUNCTION = YES;
				GCC_WARN_UNUSED_VARIABLE = YES;
				IPHONEOS_DEPLOYMENT_TARGET = 9.1;
				MTL_ENABLE_DEBUG_INFO = NO;
				SDKROOT = iphoneos;
				TARGETED_DEVICE_FAMILY = "1,2";
				VALIDATE_PRODUCT = YES;
			};
			name = Release;
		};
		AFDDB82E1C0CE73D002BC08D /* Debug */ = {
			isa = XCBuildConfiguration;
			buildSettings = {
				ASSETCATALOG_COMPILER_APPICON_NAME = AppIcon;
				INFOPLIST_FILE = "lecture50-my-little-monster/Info.plist";
				LD_RUNPATH_SEARCH_PATHS = "$(inherited) @executable_path/Frameworks";
				PRODUCT_BUNDLE_IDENTIFIER = "com.ryanhuebert.lecture50-my-little-monster";
				PRODUCT_NAME = "$(TARGET_NAME)";
			};
			name = Debug;
		};
		AFDDB82F1C0CE73D002BC08D /* Release */ = {
			isa = XCBuildConfiguration;
			buildSettings = {
				ASSETCATALOG_COMPILER_APPICON_NAME = AppIcon;
				INFOPLIST_FILE = "lecture50-my-little-monster/Info.plist";
				LD_RUNPATH_SEARCH_PATHS = "$(inherited) @executable_path/Frameworks";
				PRODUCT_BUNDLE_IDENTIFIER = "com.ryanhuebert.lecture50-my-little-monster";
				PRODUCT_NAME = "$(TARGET_NAME)";
			};
			name = Release;
		};
		AFDDB8311C0CE73D002BC08D /* Debug */ = {
			isa = XCBuildConfiguration;
			buildSettings = {
				BUNDLE_LOADER = "$(TEST_HOST)";
				INFOPLIST_FILE = "lecture50-my-little-monsterTests/Info.plist";
				LD_RUNPATH_SEARCH_PATHS = "$(inherited) @executable_path/Frameworks @loader_path/Frameworks";
				PRODUCT_BUNDLE_IDENTIFIER = "com.ryanhuebert.lecture50-my-little-monsterTests";
				PRODUCT_NAME = "$(TARGET_NAME)";
				TEST_HOST = "$(BUILT_PRODUCTS_DIR)/lecture50-my-little-monster.app/lecture50-my-little-monster";
			};
			name = Debug;
		};
		AFDDB8321C0CE73D002BC08D /* Release */ = {
			isa = XCBuildConfiguration;
			buildSettings = {
				BUNDLE_LOADER = "$(TEST_HOST)";
				INFOPLIST_FILE = "lecture50-my-little-monsterTests/Info.plist";
				LD_RUNPATH_SEARCH_PATHS = "$(inherited) @executable_path/Frameworks @loader_path/Frameworks";
				PRODUCT_BUNDLE_IDENTIFIER = "com.ryanhuebert.lecture50-my-little-monsterTests";
				PRODUCT_NAME = "$(TARGET_NAME)";
				TEST_HOST = "$(BUILT_PRODUCTS_DIR)/lecture50-my-little-monster.app/lecture50-my-little-monster";
			};
			name = Release;
		};
		AFDDB8341C0CE73D002BC08D /* Debug */ = {
			isa = XCBuildConfiguration;
			buildSettings = {
				INFOPLIST_FILE = "lecture50-my-little-monsterUITests/Info.plist";
				LD_RUNPATH_SEARCH_PATHS = "$(inherited) @executable_path/Frameworks @loader_path/Frameworks";
				PRODUCT_BUNDLE_IDENTIFIER = "com.ryanhuebert.lecture50-my-little-monsterUITests";
				PRODUCT_NAME = "$(TARGET_NAME)";
				TEST_TARGET_NAME = "lecture50-my-little-monster";
				USES_XCTRUNNER = YES;
			};
			name = Debug;
		};
		AFDDB8351C0CE73D002BC08D /* Release */ = {
			isa = XCBuildConfiguration;
			buildSettings = {
				INFOPLIST_FILE = "lecture50-my-little-monsterUITests/Info.plist";
				LD_RUNPATH_SEARCH_PATHS = "$(inherited) @executable_path/Frameworks @loader_path/Frameworks";
				PRODUCT_BUNDLE_IDENTIFIER = "com.ryanhuebert.lecture50-my-little-monsterUITests";
				PRODUCT_NAME = "$(TARGET_NAME)";
				TEST_TARGET_NAME = "lecture50-my-little-monster";
				USES_XCTRUNNER = YES;
			};
			name = Release;
		};
/* End XCBuildConfiguration section */

/* Begin XCConfigurationList section */
		AFDDB8001C0CE73D002BC08D /* Build configuration list for PBXProject "lecture50-my-little-monster" */ = {
			isa = XCConfigurationList;
			buildConfigurations = (
				AFDDB82B1C0CE73D002BC08D /* Debug */,
				AFDDB82C1C0CE73D002BC08D /* Release */,
			);
			defaultConfigurationIsVisible = 0;
			defaultConfigurationName = Release;
		};
		AFDDB82D1C0CE73D002BC08D /* Build configuration list for PBXNativeTarget "lecture50-my-little-monster" */ = {
			isa = XCConfigurationList;
			buildConfigurations = (
				AFDDB82E1C0CE73D002BC08D /* Debug */,
				AFDDB82F1C0CE73D002BC08D /* Release */,
			);
			defaultConfigurationIsVisible = 0;
			defaultConfigurationName = Release;
		};
		AFDDB8301C0CE73D002BC08D /* Build configuration list for PBXNativeTarget "lecture50-my-little-monsterTests" */ = {
			isa = XCConfigurationList;
			buildConfigurations = (
				AFDDB8311C0CE73D002BC08D /* Debug */,
				AFDDB8321C0CE73D002BC08D /* Release */,
			);
			defaultConfigurationIsVisible = 0;
			defaultConfigurationName = Release;
		};
		AFDDB8331C0CE73D002BC08D /* Build configuration list for PBXNativeTarget "lecture50-my-little-monsterUITests" */ = {
			isa = XCConfigurationList;
			buildConfigurations = (
				AFDDB8341C0CE73D002BC08D /* Debug */,
				AFDDB8351C0CE73D002BC08D /* Release */,
			);
			defaultConfigurationIsVisible = 0;
			defaultConfigurationName = Release;
		};
/* End XCConfigurationList section */
	};
	rootObject = AFDDB7FD1C0CE73D002BC08D /* Project object */;
}
